
Microsoft Visual Studio Solution File, Format Version 12.00
# Visual Studio Version 17
VisualStudioVersion = 17.5.002.0
MinimumVisualStudioVersion = 10.0.40219.1
Project("{2150E333-8FDC-42A3-9474-1A3956D46DE8}") = "C#", "C#", "{B954C0CA-EAA6-4F3C-89F2-0BD3F9575943}"
EndProject
Project("{9A19103F-16F7-4668-BE54-9A1E7A4F7556}") = "basic", "C#\basic\basic.csproj", "{39D4D74D-4A24-46EC-A36F-253C1787ED5F}"
EndProject
Global
	GlobalSection(SolutionConfigurationPlatforms) = preSolution
		Debug|Any CPU = Debug|Any CPU
		Release|Any CPU = Release|Any CPU
	EndGlobalSection
	GlobalSection(ProjectConfigurationPlatforms) = postSolution
		{39D4D74D-4A24-46EC-A36F-253C1787ED5F}.Debug|Any CPU.ActiveCfg = Debug|Any CPU
		{39D4D74D-4A24-46EC-A36F-253C1787ED5F}.Debug|Any CPU.Build.0 = Debug|Any CPU
		{39D4D74D-4A24-46EC-A36F-253C1787ED5F}.Release|Any CPU.ActiveCfg = Release|Any CPU
		{39D4D74D-4A24-46EC-A36F-253C1787ED5F}.Release|Any CPU.Build.0 = Release|Any CPU
	EndGlobalSection
	GlobalSection(SolutionProperties) = preSolution
		HideSolutionNode = FALSE
	EndGlobalSection
	GlobalSection(NestedProjects) = preSolution
		{39D4D74D-4A24-46EC-A36F-253C1787ED5F} = {B954C0CA-EAA6-4F3C-89F2-0BD3F9575943}
	EndGlobalSection
	GlobalSection(ExtensibilityGlobals) = postSolution
		SolutionGuid = {1FF04807-38F0-4BE9-92E1-FA21602E3D03}
	EndGlobalSection
EndGlobal
