
Microsoft Visual Studio Solution File, Format Version 12.00
# Visual Studio Version 17
VisualStudioVersion = 17.5.002.0
MinimumVisualStudioVersion = 10.0.40219.1
Project("{9A19103F-16F7-4668-BE54-9A1E7A4F7556}") = "OOPnOthers", "src\OOPnOthers.csproj", "{7EB21FF5-28F9-4DF3-948B-37CB8637F458}"
EndProject
Global
	GlobalSection(SolutionConfigurationPlatforms) = preSolution
		Debug|Any CPU = Debug|Any CPU
		Release|Any CPU = Release|Any CPU
	EndGlobalSection
	GlobalSection(ProjectConfigurationPlatforms) = postSolution
		{7EB21FF5-28F9-4DF3-948B-37CB8637F458}.Debug|Any CPU.ActiveCfg = Debug|Any CPU
		{7EB21FF5-28F9-4DF3-948B-37CB8637F458}.Debug|Any CPU.Build.0 = Debug|Any CPU
		{7EB21FF5-28F9-4DF3-948B-37CB8637F458}.Release|Any CPU.ActiveCfg = Release|Any CPU
		{7EB21FF5-28F9-4DF3-948B-37CB8637F458}.Release|Any CPU.Build.0 = Release|Any CPU
	EndGlobalSection
	GlobalSection(SolutionProperties) = preSolution
		HideSolutionNode = FALSE
	EndGlobalSection
	GlobalSection(ExtensibilityGlobals) = postSolution
		SolutionGuid = {3C554F16-337D-4515-9B60-05BF131166BB}
	EndGlobalSection
EndGlobal
