
Microsoft Visual Studio Solution File, Format Version 12.00
# Visual Studio Version 17
VisualStudioVersion = 17.5.002.0
MinimumVisualStudioVersion = 10.0.40219.1
Project("{9A19103F-16F7-4668-BE54-9A1E7A4F7556}") = "1basic", "1basic.csproj", "{76C464FC-452E-440A-9300-D7509B0C6FBA}"
EndProject
Global
	GlobalSection(SolutionConfigurationPlatforms) = preSolution
		Debug|Any CPU = Debug|Any CPU
		Release|Any CPU = Release|Any CPU
	EndGlobalSection
	GlobalSection(ProjectConfigurationPlatforms) = postSolution
		{76C464FC-452E-440A-9300-D7509B0C6FBA}.Debug|Any CPU.ActiveCfg = Debug|Any CPU
		{76C464FC-452E-440A-9300-D7509B0C6FBA}.Debug|Any CPU.Build.0 = Debug|Any CPU
		{76C464FC-452E-440A-9300-D7509B0C6FBA}.Release|Any CPU.ActiveCfg = Release|Any CPU
		{76C464FC-452E-440A-9300-D7509B0C6FBA}.Release|Any CPU.Build.0 = Release|Any CPU
	EndGlobalSection
	GlobalSection(SolutionProperties) = preSolution
		HideSolutionNode = FALSE
	EndGlobalSection
	GlobalSection(ExtensibilityGlobals) = postSolution
		SolutionGuid = {1D89152B-22BC-4EDB-BD69-465F5A89558C}
	EndGlobalSection
EndGlobal
